// !$*UTF8*$!
{
	archiveVersion = 1;
	classes = {
	};
	objectVersion = 50;
	objects = {

/* Begin PBXBuildFile section */
		21A813B9F8EEF2571EE0B3AE /* Pods_DevOpsExampleC.framework in Frameworks */ = {isa = PBXBuildFile; fileRef = 491830B631B0CD0141539DC2 /* Pods_DevOpsExampleC.framework */; };
		4BEC519EE5EBFDCFF9A6B4BE /* Pods_DevOpsExampleA.framework in Frameworks */ = {isa = PBXBuildFile; fileRef = 1451DD4DA6BED3991AB397EF /* Pods_DevOpsExampleA.framework */; };
		72D7F96CDDB7A6AB997E6DC9 /* Pods_DevOpsExampleB.framework in Frameworks */ = {isa = PBXBuildFile; fileRef = 726859205DDCC565A6515464 /* Pods_DevOpsExampleB.framework */; };
		76F2712681B664D01FA938CA /* Pods_DevOpsExample_DevOpsExampleUITests.framework in Frameworks */ = {isa = PBXBuildFile; fileRef = AB217FC36CB3DBD67C7B7BB1 /* Pods_DevOpsExample_DevOpsExampleUITests.framework */; };
		92BC2ECC23FB0ACD00AF1AD6 /* AppDelegate.swift in Sources */ = {isa = PBXBuildFile; fileRef = 92BC2ECB23FB0ACD00AF1AD6 /* AppDelegate.swift */; };
		92BC2ECE23FB0ACD00AF1AD6 /* SceneDelegate.swift in Sources */ = {isa = PBXBuildFile; fileRef = 92BC2ECD23FB0ACD00AF1AD6 /* SceneDelegate.swift */; };
		92BC2ED023FB0ACD00AF1AD6 /* ViewController.swift in Sources */ = {isa = PBXBuildFile; fileRef = 92BC2ECF23FB0ACD00AF1AD6 /* ViewController.swift */; };
		92BC2ED323FB0ACD00AF1AD6 /* Main.storyboard in Resources */ = {isa = PBXBuildFile; fileRef = 92BC2ED123FB0ACD00AF1AD6 /* Main.storyboard */; };
		92BC2ED523FB0ACE00AF1AD6 /* Assets.xcassets in Resources */ = {isa = PBXBuildFile; fileRef = 92BC2ED423FB0ACE00AF1AD6 /* Assets.xcassets */; };
		92BC2ED823FB0ACE00AF1AD6 /* LaunchScreen.storyboard in Resources */ = {isa = PBXBuildFile; fileRef = 92BC2ED623FB0ACE00AF1AD6 /* LaunchScreen.storyboard */; };
		92BC2EE323FB0ACE00AF1AD6 /* DevOpsExampleTests.swift in Sources */ = {isa = PBXBuildFile; fileRef = 92BC2EE223FB0ACE00AF1AD6 /* DevOpsExampleTests.swift */; };
		92BC2EEE23FB0ACE00AF1AD6 /* DevOpsExampleUITests.swift in Sources */ = {isa = PBXBuildFile; fileRef = 92BC2EED23FB0ACE00AF1AD6 /* DevOpsExampleUITests.swift */; };
		92BC2F7923FB17EE00AF1AD6 /* ViewController.swift in Sources */ = {isa = PBXBuildFile; fileRef = 92BC2ECF23FB0ACD00AF1AD6 /* ViewController.swift */; };
		92BC2F7B23FB17EE00AF1AD6 /* SceneDelegate.swift in Sources */ = {isa = PBXBuildFile; fileRef = 92BC2ECD23FB0ACD00AF1AD6 /* SceneDelegate.swift */; };
		92BC2F8223FB17EE00AF1AD6 /* ExampleA-LaunchScreen.storyboard in Resources */ = {isa = PBXBuildFile; fileRef = 92BC2F7323FB179A00AF1AD6 /* ExampleA-LaunchScreen.storyboard */; };
		92BC2F8423FB17EE00AF1AD6 /* ExampleA-Assets.xcassets in Resources */ = {isa = PBXBuildFile; fileRef = 92BC2F7523FB17AC00AF1AD6 /* ExampleA-Assets.xcassets */; };
		92BC2FA423FB182800AF1AD6 /* ExampleA-Main.storyboard in Resources */ = {isa = PBXBuildFile; fileRef = 92BC2FA323FB182800AF1AD6 /* ExampleA-Main.storyboard */; };
		92BC2FA523FB1ADF00AF1AD6 /* AppDelegate.swift in Sources */ = {isa = PBXBuildFile; fileRef = 92BC2ECB23FB0ACD00AF1AD6 /* AppDelegate.swift */; };
		92BC2FB223FB262600AF1AD6 /* AppDelegate.swift in Sources */ = {isa = PBXBuildFile; fileRef = 92BC2ECB23FB0ACD00AF1AD6 /* AppDelegate.swift */; };
		92BC2FB323FB262600AF1AD6 /* ViewController.swift in Sources */ = {isa = PBXBuildFile; fileRef = 92BC2ECF23FB0ACD00AF1AD6 /* ViewController.swift */; };
		92BC2FB423FB262600AF1AD6 /* SceneDelegate.swift in Sources */ = {isa = PBXBuildFile; fileRef = 92BC2ECD23FB0ACD00AF1AD6 /* SceneDelegate.swift */; };
		92BC2FC123FB262800AF1AD6 /* AppDelegate.swift in Sources */ = {isa = PBXBuildFile; fileRef = 92BC2ECB23FB0ACD00AF1AD6 /* AppDelegate.swift */; };
		92BC2FC223FB262800AF1AD6 /* ViewController.swift in Sources */ = {isa = PBXBuildFile; fileRef = 92BC2ECF23FB0ACD00AF1AD6 /* ViewController.swift */; };
		92BC2FC323FB262800AF1AD6 /* SceneDelegate.swift in Sources */ = {isa = PBXBuildFile; fileRef = 92BC2ECD23FB0ACD00AF1AD6 /* SceneDelegate.swift */; };
		92BC2FDB23FB272100AF1AD6 /* ExampleB-LaunchScreen.storyboard in Resources */ = {isa = PBXBuildFile; fileRef = 92BC2FDA23FB272100AF1AD6 /* ExampleB-LaunchScreen.storyboard */; };
		92BC2FDD23FB272700AF1AD6 /* ExampleB-Assets.xcassets in Resources */ = {isa = PBXBuildFile; fileRef = 92BC2FDC23FB272700AF1AD6 /* ExampleB-Assets.xcassets */; };
		92BC2FDF23FB272E00AF1AD6 /* ExampleB-Main.storyboard in Resources */ = {isa = PBXBuildFile; fileRef = 92BC2FDE23FB272E00AF1AD6 /* ExampleB-Main.storyboard */; };
		92BC2FE323FB277600AF1AD6 /* ExampleC-LaunchScreen.storyboard in Resources */ = {isa = PBXBuildFile; fileRef = 92BC2FE223FB277500AF1AD6 /* ExampleC-LaunchScreen.storyboard */; };
		92BC2FE523FB277C00AF1AD6 /* ExampleC-Assets.xcassets in Resources */ = {isa = PBXBuildFile; fileRef = 92BC2FE423FB277C00AF1AD6 /* ExampleC-Assets.xcassets */; };
		92BC2FE723FB278400AF1AD6 /* ExampleC-Main.storyboard in Resources */ = {isa = PBXBuildFile; fileRef = 92BC2FE623FB278400AF1AD6 /* ExampleC-Main.storyboard */; };
		95E83F54D3BF8FF05EEC5A82 /* Pods_DevOpsExampleTests.framework in Frameworks */ = {isa = PBXBuildFile; fileRef = 73A35ED9BF7C3D79D95D4E31 /* Pods_DevOpsExampleTests.framework */; };
		EA281E5612E432195916459C /* Pods_DevOpsExample.framework in Frameworks */ = {isa = PBXBuildFile; fileRef = E3EC517E1D37231AE580C4BD /* Pods_DevOpsExample.framework */; };
/* End PBXBuildFile section */

/* Begin PBXContainerItemProxy section */
		92BC2EDF23FB0ACE00AF1AD6 /* PBXContainerItemProxy */ = {
			isa = PBXContainerItemProxy;
			containerPortal = 92BC2EC023FB0ACD00AF1AD6 /* Project object */;
			proxyType = 1;
			remoteGlobalIDString = 92BC2EC723FB0ACD00AF1AD6;
			remoteInfo = DevOpsExample;
		};
		92BC2EEA23FB0ACE00AF1AD6 /* PBXContainerItemProxy */ = {
			isa = PBXContainerItemProxy;
			containerPortal = 92BC2EC023FB0ACD00AF1AD6 /* Project object */;
			proxyType = 1;
			remoteGlobalIDString = 92BC2EC723FB0ACD00AF1AD6;
			remoteInfo = DevOpsExample;
		};
/* End PBXContainerItemProxy section */

/* Begin PBXFileReference section */
		09875E3E6C76C1AE7875CF20 /* Pods-DevOpsExampleA.release.xcconfig */ = {isa = PBXFileReference; includeInIndex = 1; lastKnownFileType = text.xcconfig; name = "Pods-DevOpsExampleA.release.xcconfig"; path = "Target Support Files/Pods-DevOpsExampleA/Pods-DevOpsExampleA.release.xcconfig"; sourceTree = "<group>"; };
		10E64BE424C2F7CFFEAAA743 /* Pods-DevOpsExample.release.xcconfig */ = {isa = PBXFileReference; includeInIndex = 1; lastKnownFileType = text.xcconfig; name = "Pods-DevOpsExample.release.xcconfig"; path = "Target Support Files/Pods-DevOpsExample/Pods-DevOpsExample.release.xcconfig"; sourceTree = "<group>"; };
		139864537C99A28C5522CAEA /* Pods-DevOpsExampleA.debug.xcconfig */ = {isa = PBXFileReference; includeInIndex = 1; lastKnownFileType = text.xcconfig; name = "Pods-DevOpsExampleA.debug.xcconfig"; path = "Target Support Files/Pods-DevOpsExampleA/Pods-DevOpsExampleA.debug.xcconfig"; sourceTree = "<group>"; };
		1451DD4DA6BED3991AB397EF /* Pods_DevOpsExampleA.framework */ = {isa = PBXFileReference; explicitFileType = wrapper.framework; includeInIndex = 0; path = Pods_DevOpsExampleA.framework; sourceTree = BUILT_PRODUCTS_DIR; };
		266CDDB0D81C75CEE88D7364 /* Pods-DevOpsExampleTests.debug.xcconfig */ = {isa = PBXFileReference; includeInIndex = 1; lastKnownFileType = text.xcconfig; name = "Pods-DevOpsExampleTests.debug.xcconfig"; path = "Target Support Files/Pods-DevOpsExampleTests/Pods-DevOpsExampleTests.debug.xcconfig"; sourceTree = "<group>"; };
		491830B631B0CD0141539DC2 /* Pods_DevOpsExampleC.framework */ = {isa = PBXFileReference; explicitFileType = wrapper.framework; includeInIndex = 0; path = Pods_DevOpsExampleC.framework; sourceTree = BUILT_PRODUCTS_DIR; };
		58172C470B9BF8CB939A88D7 /* Pods-DevOpsExampleB.release.xcconfig */ = {isa = PBXFileReference; includeInIndex = 1; lastKnownFileType = text.xcconfig; name = "Pods-DevOpsExampleB.release.xcconfig"; path = "Target Support Files/Pods-DevOpsExampleB/Pods-DevOpsExampleB.release.xcconfig"; sourceTree = "<group>"; };
		6D2C2BD6EA2D5C5E50690B0D /* Pods-DevOpsExampleB.debug.xcconfig */ = {isa = PBXFileReference; includeInIndex = 1; lastKnownFileType = text.xcconfig; name = "Pods-DevOpsExampleB.debug.xcconfig"; path = "Target Support Files/Pods-DevOpsExampleB/Pods-DevOpsExampleB.debug.xcconfig"; sourceTree = "<group>"; };
		726859205DDCC565A6515464 /* Pods_DevOpsExampleB.framework */ = {isa = PBXFileReference; explicitFileType = wrapper.framework; includeInIndex = 0; path = Pods_DevOpsExampleB.framework; sourceTree = BUILT_PRODUCTS_DIR; };
		73A35ED9BF7C3D79D95D4E31 /* Pods_DevOpsExampleTests.framework */ = {isa = PBXFileReference; explicitFileType = wrapper.framework; includeInIndex = 0; path = Pods_DevOpsExampleTests.framework; sourceTree = BUILT_PRODUCTS_DIR; };
		79EDB5D603516712B37E8A7D /* Pods-DevOpsExample-DevOpsExampleUITests.release.xcconfig */ = {isa = PBXFileReference; includeInIndex = 1; lastKnownFileType = text.xcconfig; name = "Pods-DevOpsExample-DevOpsExampleUITests.release.xcconfig"; path = "Target Support Files/Pods-DevOpsExample-DevOpsExampleUITests/Pods-DevOpsExample-DevOpsExampleUITests.release.xcconfig"; sourceTree = "<group>"; };
		836093271CFBA3EFD179629A /* Pods-DevOpsExampleC.release.xcconfig */ = {isa = PBXFileReference; includeInIndex = 1; lastKnownFileType = text.xcconfig; name = "Pods-DevOpsExampleC.release.xcconfig"; path = "Target Support Files/Pods-DevOpsExampleC/Pods-DevOpsExampleC.release.xcconfig"; sourceTree = "<group>"; };
		876F6B3399B2D13FA2A91FDF /* Pods-DevOpsExampleTests.release.xcconfig */ = {isa = PBXFileReference; includeInIndex = 1; lastKnownFileType = text.xcconfig; name = "Pods-DevOpsExampleTests.release.xcconfig"; path = "Target Support Files/Pods-DevOpsExampleTests/Pods-DevOpsExampleTests.release.xcconfig"; sourceTree = "<group>"; };
		88988DBC74928655ACC39A45 /* Pods-DevOpsExampleC.debug.xcconfig */ = {isa = PBXFileReference; includeInIndex = 1; lastKnownFileType = text.xcconfig; name = "Pods-DevOpsExampleC.debug.xcconfig"; path = "Target Support Files/Pods-DevOpsExampleC/Pods-DevOpsExampleC.debug.xcconfig"; sourceTree = "<group>"; };
		92BC2EC823FB0ACD00AF1AD6 /* DevOpsExample.app */ = {isa = PBXFileReference; explicitFileType = wrapper.application; includeInIndex = 0; path = DevOpsExample.app; sourceTree = BUILT_PRODUCTS_DIR; };
		92BC2ECB23FB0ACD00AF1AD6 /* AppDelegate.swift */ = {isa = PBXFileReference; lastKnownFileType = sourcecode.swift; path = AppDelegate.swift; sourceTree = "<group>"; };
		92BC2ECD23FB0ACD00AF1AD6 /* SceneDelegate.swift */ = {isa = PBXFileReference; lastKnownFileType = sourcecode.swift; path = SceneDelegate.swift; sourceTree = "<group>"; };
		92BC2ECF23FB0ACD00AF1AD6 /* ViewController.swift */ = {isa = PBXFileReference; lastKnownFileType = sourcecode.swift; path = ViewController.swift; sourceTree = "<group>"; };
		92BC2ED223FB0ACD00AF1AD6 /* Base */ = {isa = PBXFileReference; lastKnownFileType = file.storyboard; name = Base; path = Base.lproj/Main.storyboard; sourceTree = "<group>"; };
		92BC2ED423FB0ACE00AF1AD6 /* Assets.xcassets */ = {isa = PBXFileReference; lastKnownFileType = folder.assetcatalog; path = Assets.xcassets; sourceTree = "<group>"; };
		92BC2ED723FB0ACE00AF1AD6 /* Base */ = {isa = PBXFileReference; lastKnownFileType = file.storyboard; name = Base; path = Base.lproj/LaunchScreen.storyboard; sourceTree = "<group>"; };
		92BC2ED923FB0ACE00AF1AD6 /* Info.plist */ = {isa = PBXFileReference; lastKnownFileType = text.plist.xml; path = Info.plist; sourceTree = "<group>"; };
		92BC2EDE23FB0ACE00AF1AD6 /* DevOpsExampleTests.xctest */ = {isa = PBXFileReference; explicitFileType = wrapper.cfbundle; includeInIndex = 0; path = DevOpsExampleTests.xctest; sourceTree = BUILT_PRODUCTS_DIR; };
		92BC2EE223FB0ACE00AF1AD6 /* DevOpsExampleTests.swift */ = {isa = PBXFileReference; lastKnownFileType = sourcecode.swift; path = DevOpsExampleTests.swift; sourceTree = "<group>"; };
		92BC2EE423FB0ACE00AF1AD6 /* Info.plist */ = {isa = PBXFileReference; lastKnownFileType = text.plist.xml; path = Info.plist; sourceTree = "<group>"; };
		92BC2EE923FB0ACE00AF1AD6 /* DevOpsExampleUITests.xctest */ = {isa = PBXFileReference; explicitFileType = wrapper.cfbundle; includeInIndex = 0; path = DevOpsExampleUITests.xctest; sourceTree = BUILT_PRODUCTS_DIR; };
		92BC2EED23FB0ACE00AF1AD6 /* DevOpsExampleUITests.swift */ = {isa = PBXFileReference; lastKnownFileType = sourcecode.swift; path = DevOpsExampleUITests.swift; sourceTree = "<group>"; };
		92BC2EEF23FB0ACF00AF1AD6 /* Info.plist */ = {isa = PBXFileReference; lastKnownFileType = text.plist.xml; path = Info.plist; sourceTree = "<group>"; };
		92BC2F6D23FB178700AF1AD6 /* AppConfig-QA.plist */ = {isa = PBXFileReference; fileEncoding = 4; lastKnownFileType = text.plist.xml; path = "AppConfig-QA.plist"; sourceTree = "<group>"; };
		92BC2F6E23FB178700AF1AD6 /* AppConfig.plist */ = {isa = PBXFileReference; fileEncoding = 4; lastKnownFileType = text.plist.xml; path = AppConfig.plist; sourceTree = "<group>"; };
		92BC2F7323FB179A00AF1AD6 /* ExampleA-LaunchScreen.storyboard */ = {isa = PBXFileReference; fileEncoding = 4; lastKnownFileType = file.storyboard; path = "ExampleA-LaunchScreen.storyboard"; sourceTree = "<group>"; };
		92BC2F7523FB17AC00AF1AD6 /* ExampleA-Assets.xcassets */ = {isa = PBXFileReference; lastKnownFileType = folder.assetcatalog; path = "ExampleA-Assets.xcassets"; sourceTree = "<group>"; };
		92BC2F8923FB17EE00AF1AD6 /* DevOpsExampleA.app */ = {isa = PBXFileReference; explicitFileType = wrapper.application; includeInIndex = 0; path = DevOpsExampleA.app; sourceTree = BUILT_PRODUCTS_DIR; };
		92BC2FA323FB182800AF1AD6 /* ExampleA-Main.storyboard */ = {isa = PBXFileReference; fileEncoding = 4; lastKnownFileType = file.storyboard; path = "ExampleA-Main.storyboard"; sourceTree = "<group>"; };
		92BC2FAD23FB212C00AF1AD6 /* Info.plist */ = {isa = PBXFileReference; fileEncoding = 4; lastKnownFileType = text.plist.xml; path = Info.plist; sourceTree = "<group>"; };
		92BC2FBD23FB262600AF1AD6 /* DevOpsExampleB.app */ = {isa = PBXFileReference; explicitFileType = wrapper.application; includeInIndex = 0; path = DevOpsExampleB.app; sourceTree = BUILT_PRODUCTS_DIR; };
		92BC2FCC23FB262800AF1AD6 /* DevOpsExampleC.app */ = {isa = PBXFileReference; explicitFileType = wrapper.application; includeInIndex = 0; path = DevOpsExampleC.app; sourceTree = BUILT_PRODUCTS_DIR; };
		92BC2FDA23FB272100AF1AD6 /* ExampleB-LaunchScreen.storyboard */ = {isa = PBXFileReference; fileEncoding = 4; lastKnownFileType = file.storyboard; path = "ExampleB-LaunchScreen.storyboard"; sourceTree = "<group>"; };
		92BC2FDC23FB272700AF1AD6 /* ExampleB-Assets.xcassets */ = {isa = PBXFileReference; lastKnownFileType = folder.assetcatalog; path = "ExampleB-Assets.xcassets"; sourceTree = "<group>"; };
		92BC2FDE23FB272E00AF1AD6 /* ExampleB-Main.storyboard */ = {isa = PBXFileReference; fileEncoding = 4; lastKnownFileType = file.storyboard; path = "ExampleB-Main.storyboard"; sourceTree = "<group>"; };
		92BC2FE023FB273400AF1AD6 /* Info.plist */ = {isa = PBXFileReference; fileEncoding = 4; lastKnownFileType = text.plist.xml; path = Info.plist; sourceTree = "<group>"; };
		92BC2FE223FB277500AF1AD6 /* ExampleC-LaunchScreen.storyboard */ = {isa = PBXFileReference; fileEncoding = 4; lastKnownFileType = file.storyboard; path = "ExampleC-LaunchScreen.storyboard"; sourceTree = "<group>"; };
		92BC2FE423FB277C00AF1AD6 /* ExampleC-Assets.xcassets */ = {isa = PBXFileReference; lastKnownFileType = folder.assetcatalog; path = "ExampleC-Assets.xcassets"; sourceTree = "<group>"; };
		92BC2FE623FB278400AF1AD6 /* ExampleC-Main.storyboard */ = {isa = PBXFileReference; fileEncoding = 4; lastKnownFileType = file.storyboard; path = "ExampleC-Main.storyboard"; sourceTree = "<group>"; };
		92BC2FE823FB278A00AF1AD6 /* Info.plist */ = {isa = PBXFileReference; fileEncoding = 4; lastKnownFileType = text.plist.xml; path = Info.plist; sourceTree = "<group>"; };
		93F072284F66263A301E68AE /* Pods-DevOpsExample.debug.xcconfig */ = {isa = PBXFileReference; includeInIndex = 1; lastKnownFileType = text.xcconfig; name = "Pods-DevOpsExample.debug.xcconfig"; path = "Target Support Files/Pods-DevOpsExample/Pods-DevOpsExample.debug.xcconfig"; sourceTree = "<group>"; };
		AB217FC36CB3DBD67C7B7BB1 /* Pods_DevOpsExample_DevOpsExampleUITests.framework */ = {isa = PBXFileReference; explicitFileType = wrapper.framework; includeInIndex = 0; path = Pods_DevOpsExample_DevOpsExampleUITests.framework; sourceTree = BUILT_PRODUCTS_DIR; };
		E35B6F4826F241B2887C29C9 /* Pods-DevOpsExample-DevOpsExampleUITests.debug.xcconfig */ = {isa = PBXFileReference; includeInIndex = 1; lastKnownFileType = text.xcconfig; name = "Pods-DevOpsExample-DevOpsExampleUITests.debug.xcconfig"; path = "Target Support Files/Pods-DevOpsExample-DevOpsExampleUITests/Pods-DevOpsExample-DevOpsExampleUITests.debug.xcconfig"; sourceTree = "<group>"; };
		E3EC517E1D37231AE580C4BD /* Pods_DevOpsExample.framework */ = {isa = PBXFileReference; explicitFileType = wrapper.framework; includeInIndex = 0; path = Pods_DevOpsExample.framework; sourceTree = BUILT_PRODUCTS_DIR; };
/* End PBXFileReference section */

/* Begin PBXFrameworksBuildPhase section */
		92BC2EC523FB0ACD00AF1AD6 /* Frameworks */ = {
			isa = PBXFrameworksBuildPhase;
			buildActionMask = 2147483647;
			files = (
				EA281E5612E432195916459C /* Pods_DevOpsExample.framework in Frameworks */,
			);
			runOnlyForDeploymentPostprocessing = 0;
		};
		92BC2EDB23FB0ACE00AF1AD6 /* Frameworks */ = {
			isa = PBXFrameworksBuildPhase;
			buildActionMask = 2147483647;
			files = (
				95E83F54D3BF8FF05EEC5A82 /* Pods_DevOpsExampleTests.framework in Frameworks */,
			);
			runOnlyForDeploymentPostprocessing = 0;
		};
		92BC2EE623FB0ACE00AF1AD6 /* Frameworks */ = {
			isa = PBXFrameworksBuildPhase;
			buildActionMask = 2147483647;
			files = (
				76F2712681B664D01FA938CA /* Pods_DevOpsExample_DevOpsExampleUITests.framework in Frameworks */,
			);
			runOnlyForDeploymentPostprocessing = 0;
		};
		92BC2F7C23FB17EE00AF1AD6 /* Frameworks */ = {
			isa = PBXFrameworksBuildPhase;
			buildActionMask = 2147483647;
			files = (
				4BEC519EE5EBFDCFF9A6B4BE /* Pods_DevOpsExampleA.framework in Frameworks */,
			);
			runOnlyForDeploymentPostprocessing = 0;
		};
		92BC2FB523FB262600AF1AD6 /* Frameworks */ = {
			isa = PBXFrameworksBuildPhase;
			buildActionMask = 2147483647;
			files = (
				72D7F96CDDB7A6AB997E6DC9 /* Pods_DevOpsExampleB.framework in Frameworks */,
			);
			runOnlyForDeploymentPostprocessing = 0;
		};
		92BC2FC423FB262800AF1AD6 /* Frameworks */ = {
			isa = PBXFrameworksBuildPhase;
			buildActionMask = 2147483647;
			files = (
				21A813B9F8EEF2571EE0B3AE /* Pods_DevOpsExampleC.framework in Frameworks */,
			);
			runOnlyForDeploymentPostprocessing = 0;
		};
/* End PBXFrameworksBuildPhase section */

/* Begin PBXGroup section */
		240C3C1CA0A3D163190E96D6 /* Frameworks */ = {
			isa = PBXGroup;
			children = (
				E3EC517E1D37231AE580C4BD /* Pods_DevOpsExample.framework */,
				AB217FC36CB3DBD67C7B7BB1 /* Pods_DevOpsExample_DevOpsExampleUITests.framework */,
				1451DD4DA6BED3991AB397EF /* Pods_DevOpsExampleA.framework */,
				726859205DDCC565A6515464 /* Pods_DevOpsExampleB.framework */,
				491830B631B0CD0141539DC2 /* Pods_DevOpsExampleC.framework */,
				73A35ED9BF7C3D79D95D4E31 /* Pods_DevOpsExampleTests.framework */,
			);
			name = Frameworks;
			sourceTree = "<group>";
		};
		92BC2EBF23FB0ACD00AF1AD6 = {
			isa = PBXGroup;
			children = (
				92BC2EFB23FB146D00AF1AD6 /* ExampleA */,
				92BC2EFE23FB148000AF1AD6 /* ExampleB */,
				92BC2EFD23FB147B00AF1AD6 /* ExampleC */,
				92BC2ECA23FB0ACD00AF1AD6 /* DevOpsExample */,
				92BC2EE123FB0ACE00AF1AD6 /* DevOpsExampleTests */,
				92BC2EEC23FB0ACE00AF1AD6 /* DevOpsExampleUITests */,
				92BC2EC923FB0ACD00AF1AD6 /* Products */,
				E9321D21E8B69D6ACE10FD7F /* Pods */,
				240C3C1CA0A3D163190E96D6 /* Frameworks */,
			);
			sourceTree = "<group>";
		};
		92BC2EC923FB0ACD00AF1AD6 /* Products */ = {
			isa = PBXGroup;
			children = (
				92BC2EC823FB0ACD00AF1AD6 /* DevOpsExample.app */,
				92BC2EDE23FB0ACE00AF1AD6 /* DevOpsExampleTests.xctest */,
				92BC2EE923FB0ACE00AF1AD6 /* DevOpsExampleUITests.xctest */,
				92BC2F8923FB17EE00AF1AD6 /* DevOpsExampleA.app */,
				92BC2FBD23FB262600AF1AD6 /* DevOpsExampleB.app */,
				92BC2FCC23FB262800AF1AD6 /* DevOpsExampleC.app */,
			);
			name = Products;
			sourceTree = "<group>";
		};
		92BC2ECA23FB0ACD00AF1AD6 /* DevOpsExample */ = {
			isa = PBXGroup;
			children = (
				92BC2ECB23FB0ACD00AF1AD6 /* AppDelegate.swift */,
				92BC2ECD23FB0ACD00AF1AD6 /* SceneDelegate.swift */,
				92BC2ECF23FB0ACD00AF1AD6 /* ViewController.swift */,
				92BC2ED123FB0ACD00AF1AD6 /* Main.storyboard */,
				92BC2ED423FB0ACE00AF1AD6 /* Assets.xcassets */,
				92BC2ED623FB0ACE00AF1AD6 /* LaunchScreen.storyboard */,
				92BC2ED923FB0ACE00AF1AD6 /* Info.plist */,
			);
			path = DevOpsExample;
			sourceTree = "<group>";
		};
		92BC2EE123FB0ACE00AF1AD6 /* DevOpsExampleTests */ = {
			isa = PBXGroup;
			children = (
				92BC2EE223FB0ACE00AF1AD6 /* DevOpsExampleTests.swift */,
				92BC2EE423FB0ACE00AF1AD6 /* Info.plist */,
			);
			path = DevOpsExampleTests;
			sourceTree = "<group>";
		};
		92BC2EEC23FB0ACE00AF1AD6 /* DevOpsExampleUITests */ = {
			isa = PBXGroup;
			children = (
				92BC2EED23FB0ACE00AF1AD6 /* DevOpsExampleUITests.swift */,
				92BC2EEF23FB0ACF00AF1AD6 /* Info.plist */,
			);
			path = DevOpsExampleUITests;
			sourceTree = "<group>";
		};
		92BC2EFB23FB146D00AF1AD6 /* ExampleA */ = {
			isa = PBXGroup;
			children = (
				92BC2FAD23FB212C00AF1AD6 /* Info.plist */,
				92BC2FA323FB182800AF1AD6 /* ExampleA-Main.storyboard */,
				92BC2F7523FB17AC00AF1AD6 /* ExampleA-Assets.xcassets */,
				92BC2F7323FB179A00AF1AD6 /* ExampleA-LaunchScreen.storyboard */,
				92BC2F6823FB170F00AF1AD6 /* App Configs */,
				92BC2F6A23FB173200AF1AD6 /* Entitlements */,
				92BC2F6B23FB174B00AF1AD6 /* ExampleA Tests */,
				92BC2F6C23FB175200AF1AD6 /* ExampleA UITests */,
			);
			path = ExampleA;
			sourceTree = "<group>";
		};
		92BC2EFD23FB147B00AF1AD6 /* ExampleC */ = {
			isa = PBXGroup;
			children = (
				92BC2FE823FB278A00AF1AD6 /* Info.plist */,
				92BC2FE623FB278400AF1AD6 /* ExampleC-Main.storyboard */,
				92BC2FE423FB277C00AF1AD6 /* ExampleC-Assets.xcassets */,
				92BC2FE223FB277500AF1AD6 /* ExampleC-LaunchScreen.storyboard */,
				92BC2FD523FB269500AF1AD6 /* App Configs */,
				92BC2FD423FB268F00AF1AD6 /* Entitlements */,
				92BC2FD323FB268A00AF1AD6 /* ExampleC Tests */,
				92BC2FD223FB268100AF1AD6 /* ExampleC UITests */,
			);
			path = ExampleC;
			sourceTree = "<group>";
		};
		92BC2EFE23FB148000AF1AD6 /* ExampleB */ = {
			isa = PBXGroup;
			children = (
				92BC2FE023FB273400AF1AD6 /* Info.plist */,
				92BC2FDE23FB272E00AF1AD6 /* ExampleB-Main.storyboard */,
				92BC2FDC23FB272700AF1AD6 /* ExampleB-Assets.xcassets */,
				92BC2FDA23FB272100AF1AD6 /* ExampleB-LaunchScreen.storyboard */,
				92BC2FD123FB266F00AF1AD6 /* App Configs */,
				92BC2FD023FB266500AF1AD6 /* Entitlements */,
				92BC2FCF23FB265F00AF1AD6 /* ExampleB Tests */,
				92BC2FCE23FB264E00AF1AD6 /* ExampleB UITests */,
			);
			path = ExampleB;
			sourceTree = "<group>";
		};
		92BC2F6823FB170F00AF1AD6 /* App Configs */ = {
			isa = PBXGroup;
			children = (
				92BC2F6D23FB178700AF1AD6 /* AppConfig-QA.plist */,
				92BC2F6E23FB178700AF1AD6 /* AppConfig.plist */,
			);
			path = "App Configs";
			sourceTree = "<group>";
		};
		92BC2F6A23FB173200AF1AD6 /* Entitlements */ = {
			isa = PBXGroup;
			children = (
			);
			path = Entitlements;
			sourceTree = "<group>";
		};
		92BC2F6B23FB174B00AF1AD6 /* ExampleA Tests */ = {
			isa = PBXGroup;
			children = (
			);
			path = "ExampleA Tests";
			sourceTree = "<group>";
		};
		92BC2F6C23FB175200AF1AD6 /* ExampleA UITests */ = {
			isa = PBXGroup;
			children = (
			);
			path = "ExampleA UITests";
			sourceTree = "<group>";
		};
		92BC2FCE23FB264E00AF1AD6 /* ExampleB UITests */ = {
			isa = PBXGroup;
			children = (
			);
			path = "ExampleB UITests";
			sourceTree = "<group>";
		};
		92BC2FCF23FB265F00AF1AD6 /* ExampleB Tests */ = {
			isa = PBXGroup;
			children = (
			);
			path = "ExampleB Tests";
			sourceTree = "<group>";
		};
		92BC2FD023FB266500AF1AD6 /* Entitlements */ = {
			isa = PBXGroup;
			children = (
			);
			path = Entitlements;
			sourceTree = "<group>";
		};
		92BC2FD123FB266F00AF1AD6 /* App Configs */ = {
			isa = PBXGroup;
			children = (
			);
			path = "App Configs";
			sourceTree = "<group>";
		};
		92BC2FD223FB268100AF1AD6 /* ExampleC UITests */ = {
			isa = PBXGroup;
			children = (
			);
			path = "ExampleC UITests";
			sourceTree = "<group>";
		};
		92BC2FD323FB268A00AF1AD6 /* ExampleC Tests */ = {
			isa = PBXGroup;
			children = (
			);
			path = "ExampleC Tests";
			sourceTree = "<group>";
		};
		92BC2FD423FB268F00AF1AD6 /* Entitlements */ = {
			isa = PBXGroup;
			children = (
			);
			path = Entitlements;
			sourceTree = "<group>";
		};
		92BC2FD523FB269500AF1AD6 /* App Configs */ = {
			isa = PBXGroup;
			children = (
			);
			path = "App Configs";
			sourceTree = "<group>";
		};
		E9321D21E8B69D6ACE10FD7F /* Pods */ = {
			isa = PBXGroup;
			children = (
				93F072284F66263A301E68AE /* Pods-DevOpsExample.debug.xcconfig */,
				10E64BE424C2F7CFFEAAA743 /* Pods-DevOpsExample.release.xcconfig */,
				E35B6F4826F241B2887C29C9 /* Pods-DevOpsExample-DevOpsExampleUITests.debug.xcconfig */,
				79EDB5D603516712B37E8A7D /* Pods-DevOpsExample-DevOpsExampleUITests.release.xcconfig */,
				139864537C99A28C5522CAEA /* Pods-DevOpsExampleA.debug.xcconfig */,
				09875E3E6C76C1AE7875CF20 /* Pods-DevOpsExampleA.release.xcconfig */,
				6D2C2BD6EA2D5C5E50690B0D /* Pods-DevOpsExampleB.debug.xcconfig */,
				58172C470B9BF8CB939A88D7 /* Pods-DevOpsExampleB.release.xcconfig */,
				88988DBC74928655ACC39A45 /* Pods-DevOpsExampleC.debug.xcconfig */,
				836093271CFBA3EFD179629A /* Pods-DevOpsExampleC.release.xcconfig */,
				266CDDB0D81C75CEE88D7364 /* Pods-DevOpsExampleTests.debug.xcconfig */,
				876F6B3399B2D13FA2A91FDF /* Pods-DevOpsExampleTests.release.xcconfig */,
			);
			path = Pods;
			sourceTree = "<group>";
		};
/* End PBXGroup section */

/* Begin PBXNativeTarget section */
		92BC2EC723FB0ACD00AF1AD6 /* DevOpsExample */ = {
			isa = PBXNativeTarget;
			buildConfigurationList = 92BC2EF223FB0ACF00AF1AD6 /* Build configuration list for PBXNativeTarget "DevOpsExample" */;
			buildPhases = (
				FB5D5738C8509F9B2240853C /* [CP] Check Pods Manifest.lock */,
				92BC2EC423FB0ACD00AF1AD6 /* Sources */,
				92BC2EC523FB0ACD00AF1AD6 /* Frameworks */,
				92BC2EC623FB0ACD00AF1AD6 /* Resources */,
				92BC2FEE23FB337200AF1AD6 /* Import API Keys */,
			);
			buildRules = (
			);
			dependencies = (
			);
			name = DevOpsExample;
			productName = DevOpsExample;
			productReference = 92BC2EC823FB0ACD00AF1AD6 /* DevOpsExample.app */;
			productType = "com.apple.product-type.application";
		};
		92BC2EDD23FB0ACE00AF1AD6 /* DevOpsExampleTests */ = {
			isa = PBXNativeTarget;
			buildConfigurationList = 92BC2EF523FB0ACF00AF1AD6 /* Build configuration list for PBXNativeTarget "DevOpsExampleTests" */;
			buildPhases = (
				D8E36CE971C6D9A21BE4E848 /* [CP] Check Pods Manifest.lock */,
				92BC2EDA23FB0ACE00AF1AD6 /* Sources */,
				92BC2EDB23FB0ACE00AF1AD6 /* Frameworks */,
				92BC2EDC23FB0ACE00AF1AD6 /* Resources */,
			);
			buildRules = (
			);
			dependencies = (
				92BC2EE023FB0ACE00AF1AD6 /* PBXTargetDependency */,
			);
			name = DevOpsExampleTests;
			productName = DevOpsExampleTests;
			productReference = 92BC2EDE23FB0ACE00AF1AD6 /* DevOpsExampleTests.xctest */;
			productType = "com.apple.product-type.bundle.unit-test";
		};
		92BC2EE823FB0ACE00AF1AD6 /* DevOpsExampleUITests */ = {
			isa = PBXNativeTarget;
			buildConfigurationList = 92BC2EF823FB0ACF00AF1AD6 /* Build configuration list for PBXNativeTarget "DevOpsExampleUITests" */;
			buildPhases = (
				49A91196CE2A1FBEA88780B6 /* [CP] Check Pods Manifest.lock */,
				92BC2EE523FB0ACE00AF1AD6 /* Sources */,
				92BC2EE623FB0ACE00AF1AD6 /* Frameworks */,
				92BC2EE723FB0ACE00AF1AD6 /* Resources */,
			);
			buildRules = (
			);
			dependencies = (
				92BC2EEB23FB0ACE00AF1AD6 /* PBXTargetDependency */,
			);
			name = DevOpsExampleUITests;
			productName = DevOpsExampleUITests;
			productReference = 92BC2EE923FB0ACE00AF1AD6 /* DevOpsExampleUITests.xctest */;
			productType = "com.apple.product-type.bundle.ui-testing";
		};
		92BC2F7723FB17EE00AF1AD6 /* DevOpsExampleA */ = {
			isa = PBXNativeTarget;
			buildConfigurationList = 92BC2F8623FB17EE00AF1AD6 /* Build configuration list for PBXNativeTarget "DevOpsExampleA" */;
			buildPhases = (
				D445A10D32B4BC8F069F241D /* [CP] Check Pods Manifest.lock */,
				92BC2F7823FB17EE00AF1AD6 /* Sources */,
				92BC2F7C23FB17EE00AF1AD6 /* Frameworks */,
				92BC2F7D23FB17EE00AF1AD6 /* Resources */,
			);
			buildRules = (
			);
			dependencies = (
			);
			name = DevOpsExampleA;
			productName = DevOpsExample;
			productReference = 92BC2F8923FB17EE00AF1AD6 /* DevOpsExampleA.app */;
			productType = "com.apple.product-type.application";
		};
		92BC2FB023FB262600AF1AD6 /* DevOpsExampleB */ = {
			isa = PBXNativeTarget;
			buildConfigurationList = 92BC2FBA23FB262600AF1AD6 /* Build configuration list for PBXNativeTarget "DevOpsExampleB" */;
			buildPhases = (
				BB8A30A17A0CA8F1B03E3BED /* [CP] Check Pods Manifest.lock */,
				92BC2FB123FB262600AF1AD6 /* Sources */,
				92BC2FB523FB262600AF1AD6 /* Frameworks */,
				92BC2FB623FB262600AF1AD6 /* Resources */,
			);
			buildRules = (
			);
			dependencies = (
			);
			name = DevOpsExampleB;
			productName = DevOpsExample;
			productReference = 92BC2FBD23FB262600AF1AD6 /* DevOpsExampleB.app */;
			productType = "com.apple.product-type.application";
		};
		92BC2FBF23FB262800AF1AD6 /* DevOpsExampleC */ = {
			isa = PBXNativeTarget;
			buildConfigurationList = 92BC2FC923FB262800AF1AD6 /* Build configuration list for PBXNativeTarget "DevOpsExampleC" */;
			buildPhases = (
				9CEDF6B405F333EFB80BE079 /* [CP] Check Pods Manifest.lock */,
				92BC2FC023FB262800AF1AD6 /* Sources */,
				92BC2FC423FB262800AF1AD6 /* Frameworks */,
				92BC2FC523FB262800AF1AD6 /* Resources */,
			);
			buildRules = (
			);
			dependencies = (
			);
			name = DevOpsExampleC;
			productName = DevOpsExample;
			productReference = 92BC2FCC23FB262800AF1AD6 /* DevOpsExampleC.app */;
			productType = "com.apple.product-type.application";
		};
/* End PBXNativeTarget section */

/* Begin PBXProject section */
		92BC2EC023FB0ACD00AF1AD6 /* Project object */ = {
			isa = PBXProject;
			attributes = {
				LastSwiftUpdateCheck = 1110;
				LastUpgradeCheck = 1110;
				ORGANIZATIONNAME = "Parker McLain";
				TargetAttributes = {
					92BC2EC723FB0ACD00AF1AD6 = {
						CreatedOnToolsVersion = 11.1;
					};
					92BC2EDD23FB0ACE00AF1AD6 = {
						CreatedOnToolsVersion = 11.1;
						TestTargetID = 92BC2EC723FB0ACD00AF1AD6;
					};
					92BC2EE823FB0ACE00AF1AD6 = {
						CreatedOnToolsVersion = 11.1;
						TestTargetID = 92BC2EC723FB0ACD00AF1AD6;
					};
				};
			};
			buildConfigurationList = 92BC2EC323FB0ACD00AF1AD6 /* Build configuration list for PBXProject "DevOpsExample" */;
			compatibilityVersion = "Xcode 9.3";
			developmentRegion = en;
			hasScannedForEncodings = 0;
			knownRegions = (
				en,
				Base,
			);
			mainGroup = 92BC2EBF23FB0ACD00AF1AD6;
			productRefGroup = 92BC2EC923FB0ACD00AF1AD6 /* Products */;
			projectDirPath = "";
			projectRoot = "";
			targets = (
				92BC2EC723FB0ACD00AF1AD6 /* DevOpsExample */,
				92BC2EDD23FB0ACE00AF1AD6 /* DevOpsExampleTests */,
				92BC2EE823FB0ACE00AF1AD6 /* DevOpsExampleUITests */,
				92BC2F7723FB17EE00AF1AD6 /* DevOpsExampleA */,
				92BC2FB023FB262600AF1AD6 /* DevOpsExampleB */,
				92BC2FBF23FB262800AF1AD6 /* DevOpsExampleC */,
			);
		};
/* End PBXProject section */

/* Begin PBXResourcesBuildPhase section */
		92BC2EC623FB0ACD00AF1AD6 /* Resources */ = {
			isa = PBXResourcesBuildPhase;
			buildActionMask = 2147483647;
			files = (
				92BC2ED823FB0ACE00AF1AD6 /* LaunchScreen.storyboard in Resources */,
				92BC2ED523FB0ACE00AF1AD6 /* Assets.xcassets in Resources */,
				92BC2ED323FB0ACD00AF1AD6 /* Main.storyboard in Resources */,
			);
			runOnlyForDeploymentPostprocessing = 0;
		};
		92BC2EDC23FB0ACE00AF1AD6 /* Resources */ = {
			isa = PBXResourcesBuildPhase;
			buildActionMask = 2147483647;
			files = (
			);
			runOnlyForDeploymentPostprocessing = 0;
		};
		92BC2EE723FB0ACE00AF1AD6 /* Resources */ = {
			isa = PBXResourcesBuildPhase;
			buildActionMask = 2147483647;
			files = (
			);
			runOnlyForDeploymentPostprocessing = 0;
		};
		92BC2F7D23FB17EE00AF1AD6 /* Resources */ = {
			isa = PBXResourcesBuildPhase;
			buildActionMask = 2147483647;
			files = (
				92BC2F8223FB17EE00AF1AD6 /* ExampleA-LaunchScreen.storyboard in Resources */,
				92BC2FA423FB182800AF1AD6 /* ExampleA-Main.storyboard in Resources */,
				92BC2F8423FB17EE00AF1AD6 /* ExampleA-Assets.xcassets in Resources */,
			);
			runOnlyForDeploymentPostprocessing = 0;
		};
		92BC2FB623FB262600AF1AD6 /* Resources */ = {
			isa = PBXResourcesBuildPhase;
			buildActionMask = 2147483647;
			files = (
				92BC2FDD23FB272700AF1AD6 /* ExampleB-Assets.xcassets in Resources */,
				92BC2FDB23FB272100AF1AD6 /* ExampleB-LaunchScreen.storyboard in Resources */,
				92BC2FDF23FB272E00AF1AD6 /* ExampleB-Main.storyboard in Resources */,
			);
			runOnlyForDeploymentPostprocessing = 0;
		};
		92BC2FC523FB262800AF1AD6 /* Resources */ = {
			isa = PBXResourcesBuildPhase;
			buildActionMask = 2147483647;
			files = (
				92BC2FE723FB278400AF1AD6 /* ExampleC-Main.storyboard in Resources */,
				92BC2FE323FB277600AF1AD6 /* ExampleC-LaunchScreen.storyboard in Resources */,
				92BC2FE523FB277C00AF1AD6 /* ExampleC-Assets.xcassets in Resources */,
			);
			runOnlyForDeploymentPostprocessing = 0;
		};
/* End PBXResourcesBuildPhase section */

/* Begin PBXShellScriptBuildPhase section */
		49A91196CE2A1FBEA88780B6 /* [CP] Check Pods Manifest.lock */ = {
			isa = PBXShellScriptBuildPhase;
			buildActionMask = 2147483647;
			files = (
			);
			inputFileListPaths = (
			);
			inputPaths = (
				"${PODS_PODFILE_DIR_PATH}/Podfile.lock",
				"${PODS_ROOT}/Manifest.lock",
			);
			name = "[CP] Check Pods Manifest.lock";
			outputFileListPaths = (
			);
			outputPaths = (
				"$(DERIVED_FILE_DIR)/Pods-DevOpsExample-DevOpsExampleUITests-checkManifestLockResult.txt",
			);
			runOnlyForDeploymentPostprocessing = 0;
			shellPath = /bin/sh;
			shellScript = "diff \"${PODS_PODFILE_DIR_PATH}/Podfile.lock\" \"${PODS_ROOT}/Manifest.lock\" > /dev/null\nif [ $? != 0 ] ; then\n    # print error to STDERR\n    echo \"error: The sandbox is not in sync with the Podfile.lock. Run 'pod install' or update your CocoaPods installation.\" >&2\n    exit 1\nfi\n# This output is used by Xcode 'outputs' to avoid re-running this script phase.\necho \"SUCCESS\" > \"${SCRIPT_OUTPUT_FILE_0}\"\n";
			showEnvVarsInLog = 0;
		};
		92BC2FEE23FB337200AF1AD6 /* Import API Keys */ = {
			isa = PBXShellScriptBuildPhase;
			buildActionMask = 2147483647;
			files = (
			);
			inputFileListPaths = (
			);
			inputPaths = (
			);
			name = "Import API Keys";
			outputFileListPaths = (
			);
			outputPaths = (
				"$(SRCROOT)/Sourcery/Output/APIKeys.generated.swift",
			);
			runOnlyForDeploymentPostprocessing = 0;
			shellPath = /bin/sh;
			shellScript = "./importapikeys.sh\n";
		};
		9CEDF6B405F333EFB80BE079 /* [CP] Check Pods Manifest.lock */ = {
			isa = PBXShellScriptBuildPhase;
			buildActionMask = 2147483647;
			files = (
			);
			inputFileListPaths = (
			);
			inputPaths = (
				"${PODS_PODFILE_DIR_PATH}/Podfile.lock",
				"${PODS_ROOT}/Manifest.lock",
			);
			name = "[CP] Check Pods Manifest.lock";
			outputFileListPaths = (
			);
			outputPaths = (
				"$(DERIVED_FILE_DIR)/Pods-DevOpsExampleC-checkManifestLockResult.txt",
			);
			runOnlyForDeploymentPostprocessing = 0;
			shellPath = /bin/sh;
			shellScript = "diff \"${PODS_PODFILE_DIR_PATH}/Podfile.lock\" \"${PODS_ROOT}/Manifest.lock\" > /dev/null\nif [ $? != 0 ] ; then\n    # print error to STDERR\n    echo \"error: The sandbox is not in sync with the Podfile.lock. Run 'pod install' or update your CocoaPods installation.\" >&2\n    exit 1\nfi\n# This output is used by Xcode 'outputs' to avoid re-running this script phase.\necho \"SUCCESS\" > \"${SCRIPT_OUTPUT_FILE_0}\"\n";
			showEnvVarsInLog = 0;
		};
		BB8A30A17A0CA8F1B03E3BED /* [CP] Check Pods Manifest.lock */ = {
			isa = PBXShellScriptBuildPhase;
			buildActionMask = 2147483647;
			files = (
			);
			inputFileListPaths = (
			);
			inputPaths = (
				"${PODS_PODFILE_DIR_PATH}/Podfile.lock",
				"${PODS_ROOT}/Manifest.lock",
			);
			name = "[CP] Check Pods Manifest.lock";
			outputFileListPaths = (
			);
			outputPaths = (
				"$(DERIVED_FILE_DIR)/Pods-DevOpsExampleB-checkManifestLockResult.txt",
			);
			runOnlyForDeploymentPostprocessing = 0;
			shellPath = /bin/sh;
			shellScript = "diff \"${PODS_PODFILE_DIR_PATH}/Podfile.lock\" \"${PODS_ROOT}/Manifest.lock\" > /dev/null\nif [ $? != 0 ] ; then\n    # print error to STDERR\n    echo \"error: The sandbox is not in sync with the Podfile.lock. Run 'pod install' or update your CocoaPods installation.\" >&2\n    exit 1\nfi\n# This output is used by Xcode 'outputs' to avoid re-running this script phase.\necho \"SUCCESS\" > \"${SCRIPT_OUTPUT_FILE_0}\"\n";
			showEnvVarsInLog = 0;
		};
		D445A10D32B4BC8F069F241D /* [CP] Check Pods Manifest.lock */ = {
			isa = PBXShellScriptBuildPhase;
			buildActionMask = 2147483647;
			files = (
			);
			inputFileListPaths = (
			);
			inputPaths = (
				"${PODS_PODFILE_DIR_PATH}/Podfile.lock",
				"${PODS_ROOT}/Manifest.lock",
			);
			name = "[CP] Check Pods Manifest.lock";
			outputFileListPaths = (
			);
			outputPaths = (
				"$(DERIVED_FILE_DIR)/Pods-DevOpsExampleA-checkManifestLockResult.txt",
			);
			runOnlyForDeploymentPostprocessing = 0;
			shellPath = /bin/sh;
			shellScript = "diff \"${PODS_PODFILE_DIR_PATH}/Podfile.lock\" \"${PODS_ROOT}/Manifest.lock\" > /dev/null\nif [ $? != 0 ] ; then\n    # print error to STDERR\n    echo \"error: The sandbox is not in sync with the Podfile.lock. Run 'pod install' or update your CocoaPods installation.\" >&2\n    exit 1\nfi\n# This output is used by Xcode 'outputs' to avoid re-running this script phase.\necho \"SUCCESS\" > \"${SCRIPT_OUTPUT_FILE_0}\"\n";
			showEnvVarsInLog = 0;
		};
		D8E36CE971C6D9A21BE4E848 /* [CP] Check Pods Manifest.lock */ = {
			isa = PBXShellScriptBuildPhase;
			buildActionMask = 2147483647;
			files = (
			);
			inputFileListPaths = (
			);
			inputPaths = (
				"${PODS_PODFILE_DIR_PATH}/Podfile.lock",
				"${PODS_ROOT}/Manifest.lock",
			);
			name = "[CP] Check Pods Manifest.lock";
			outputFileListPaths = (
			);
			outputPaths = (
				"$(DERIVED_FILE_DIR)/Pods-DevOpsExampleTests-checkManifestLockResult.txt",
			);
			runOnlyForDeploymentPostprocessing = 0;
			shellPath = /bin/sh;
			shellScript = "diff \"${PODS_PODFILE_DIR_PATH}/Podfile.lock\" \"${PODS_ROOT}/Manifest.lock\" > /dev/null\nif [ $? != 0 ] ; then\n    # print error to STDERR\n    echo \"error: The sandbox is not in sync with the Podfile.lock. Run 'pod install' or update your CocoaPods installation.\" >&2\n    exit 1\nfi\n# This output is used by Xcode 'outputs' to avoid re-running this script phase.\necho \"SUCCESS\" > \"${SCRIPT_OUTPUT_FILE_0}\"\n";
			showEnvVarsInLog = 0;
		};
		FB5D5738C8509F9B2240853C /* [CP] Check Pods Manifest.lock */ = {
			isa = PBXShellScriptBuildPhase;
			buildActionMask = 2147483647;
			files = (
			);
			inputFileListPaths = (
			);
			inputPaths = (
				"${PODS_PODFILE_DIR_PATH}/Podfile.lock",
				"${PODS_ROOT}/Manifest.lock",
			);
			name = "[CP] Check Pods Manifest.lock";
			outputFileListPaths = (
			);
			outputPaths = (
				"$(DERIVED_FILE_DIR)/Pods-DevOpsExample-checkManifestLockResult.txt",
			);
			runOnlyForDeploymentPostprocessing = 0;
			shellPath = /bin/sh;
			shellScript = "diff \"${PODS_PODFILE_DIR_PATH}/Podfile.lock\" \"${PODS_ROOT}/Manifest.lock\" > /dev/null\nif [ $? != 0 ] ; then\n    # print error to STDERR\n    echo \"error: The sandbox is not in sync with the Podfile.lock. Run 'pod install' or update your CocoaPods installation.\" >&2\n    exit 1\nfi\n# This output is used by Xcode 'outputs' to avoid re-running this script phase.\necho \"SUCCESS\" > \"${SCRIPT_OUTPUT_FILE_0}\"\n";
			showEnvVarsInLog = 0;
		};
/* End PBXShellScriptBuildPhase section */

/* Begin PBXSourcesBuildPhase section */
		92BC2EC423FB0ACD00AF1AD6 /* Sources */ = {
			isa = PBXSourcesBuildPhase;
			buildActionMask = 2147483647;
			files = (
				92BC2ED023FB0ACD00AF1AD6 /* ViewController.swift in Sources */,
				92BC2ECC23FB0ACD00AF1AD6 /* AppDelegate.swift in Sources */,
				92BC2ECE23FB0ACD00AF1AD6 /* SceneDelegate.swift in Sources */,
			);
			runOnlyForDeploymentPostprocessing = 0;
		};
		92BC2EDA23FB0ACE00AF1AD6 /* Sources */ = {
			isa = PBXSourcesBuildPhase;
			buildActionMask = 2147483647;
			files = (
				92BC2EE323FB0ACE00AF1AD6 /* DevOpsExampleTests.swift in Sources */,
			);
			runOnlyForDeploymentPostprocessing = 0;
		};
		92BC2EE523FB0ACE00AF1AD6 /* Sources */ = {
			isa = PBXSourcesBuildPhase;
			buildActionMask = 2147483647;
			files = (
				92BC2EEE23FB0ACE00AF1AD6 /* DevOpsExampleUITests.swift in Sources */,
			);
			runOnlyForDeploymentPostprocessing = 0;
		};
		92BC2F7823FB17EE00AF1AD6 /* Sources */ = {
			isa = PBXSourcesBuildPhase;
			buildActionMask = 2147483647;
			files = (
				92BC2FA523FB1ADF00AF1AD6 /* AppDelegate.swift in Sources */,
				92BC2F7923FB17EE00AF1AD6 /* ViewController.swift in Sources */,
				92BC2F7B23FB17EE00AF1AD6 /* SceneDelegate.swift in Sources */,
			);
			runOnlyForDeploymentPostprocessing = 0;
		};
		92BC2FB123FB262600AF1AD6 /* Sources */ = {
			isa = PBXSourcesBuildPhase;
			buildActionMask = 2147483647;
			files = (
				92BC2FB223FB262600AF1AD6 /* AppDelegate.swift in Sources */,
				92BC2FB323FB262600AF1AD6 /* ViewController.swift in Sources */,
				92BC2FB423FB262600AF1AD6 /* SceneDelegate.swift in Sources */,
			);
			runOnlyForDeploymentPostprocessing = 0;
		};
		92BC2FC023FB262800AF1AD6 /* Sources */ = {
			isa = PBXSourcesBuildPhase;
			buildActionMask = 2147483647;
			files = (
				92BC2FC123FB262800AF1AD6 /* AppDelegate.swift in Sources */,
				92BC2FC223FB262800AF1AD6 /* ViewController.swift in Sources */,
				92BC2FC323FB262800AF1AD6 /* SceneDelegate.swift in Sources */,
			);
			runOnlyForDeploymentPostprocessing = 0;
		};
/* End PBXSourcesBuildPhase section */

/* Begin PBXTargetDependency section */
		92BC2EE023FB0ACE00AF1AD6 /* PBXTargetDependency */ = {
			isa = PBXTargetDependency;
			target = 92BC2EC723FB0ACD00AF1AD6 /* DevOpsExample */;
			targetProxy = 92BC2EDF23FB0ACE00AF1AD6 /* PBXContainerItemProxy */;
		};
		92BC2EEB23FB0ACE00AF1AD6 /* PBXTargetDependency */ = {
			isa = PBXTargetDependency;
			target = 92BC2EC723FB0ACD00AF1AD6 /* DevOpsExample */;
			targetProxy = 92BC2EEA23FB0ACE00AF1AD6 /* PBXContainerItemProxy */;
		};
/* End PBXTargetDependency section */

/* Begin PBXVariantGroup section */
		92BC2ED123FB0ACD00AF1AD6 /* Main.storyboard */ = {
			isa = PBXVariantGroup;
			children = (
				92BC2ED223FB0ACD00AF1AD6 /* Base */,
			);
			name = Main.storyboard;
			sourceTree = "<group>";
		};
		92BC2ED623FB0ACE00AF1AD6 /* LaunchScreen.storyboard */ = {
			isa = PBXVariantGroup;
			children = (
				92BC2ED723FB0ACE00AF1AD6 /* Base */,
			);
			name = LaunchScreen.storyboard;
			sourceTree = "<group>";
		};
/* End PBXVariantGroup section */

/* Begin XCBuildConfiguration section */
		92BC2EF023FB0ACF00AF1AD6 /* Debug */ = {
			isa = XCBuildConfiguration;
			buildSettings = {
				ALWAYS_SEARCH_USER_PATHS = NO;
				CLANG_ANALYZER_NONNULL = YES;
				CLANG_ANALYZER_NUMBER_OBJECT_CONVERSION = YES_AGGRESSIVE;
				CLANG_CXX_LANGUAGE_STANDARD = "gnu++14";
				CLANG_CXX_LIBRARY = "libc++";
				CLANG_ENABLE_MODULES = YES;
				CLANG_ENABLE_OBJC_ARC = YES;
				CLANG_ENABLE_OBJC_WEAK = YES;
				CLANG_WARN_BLOCK_CAPTURE_AUTORELEASING = YES;
				CLANG_WARN_BOOL_CONVERSION = YES;
				CLANG_WARN_COMMA = YES;
				CLANG_WARN_CONSTANT_CONVERSION = YES;
				CLANG_WARN_DEPRECATED_OBJC_IMPLEMENTATIONS = YES;
				CLANG_WARN_DIRECT_OBJC_ISA_USAGE = YES_ERROR;
				CLANG_WARN_DOCUMENTATION_COMMENTS = YES;
				CLANG_WARN_EMPTY_BODY = YES;
				CLANG_WARN_ENUM_CONVERSION = YES;
				CLANG_WARN_INFINITE_RECURSION = YES;
				CLANG_WARN_INT_CONVERSION = YES;
				CLANG_WARN_NON_LITERAL_NULL_CONVERSION = YES;
				CLANG_WARN_OBJC_IMPLICIT_RETAIN_SELF = YES;
				CLANG_WARN_OBJC_LITERAL_CONVERSION = YES;
				CLANG_WARN_OBJC_ROOT_CLASS = YES_ERROR;
				CLANG_WARN_RANGE_LOOP_ANALYSIS = YES;
				CLANG_WARN_STRICT_PROTOTYPES = YES;
				CLANG_WARN_SUSPICIOUS_MOVE = YES;
				CLANG_WARN_UNGUARDED_AVAILABILITY = YES_AGGRESSIVE;
				CLANG_WARN_UNREACHABLE_CODE = YES;
				CLANG_WARN__DUPLICATE_METHOD_MATCH = YES;
				COPY_PHASE_STRIP = NO;
				DEBUG_INFORMATION_FORMAT = dwarf;
				ENABLE_STRICT_OBJC_MSGSEND = YES;
				ENABLE_TESTABILITY = YES;
				GCC_C_LANGUAGE_STANDARD = gnu11;
				GCC_DYNAMIC_NO_PIC = NO;
				GCC_NO_COMMON_BLOCKS = YES;
				GCC_OPTIMIZATION_LEVEL = 0;
				GCC_PREPROCESSOR_DEFINITIONS = (
					"DEBUG=1",
					"$(inherited)",
				);
				GCC_WARN_64_TO_32_BIT_CONVERSION = YES;
				GCC_WARN_ABOUT_RETURN_TYPE = YES_ERROR;
				GCC_WARN_UNDECLARED_SELECTOR = YES;
				GCC_WARN_UNINITIALIZED_AUTOS = YES_AGGRESSIVE;
				GCC_WARN_UNUSED_FUNCTION = YES;
				GCC_WARN_UNUSED_VARIABLE = YES;
				IPHONEOS_DEPLOYMENT_TARGET = 13.1;
				MTL_ENABLE_DEBUG_INFO = INCLUDE_SOURCE;
				MTL_FAST_MATH = YES;
				ONLY_ACTIVE_ARCH = YES;
				SDKROOT = iphoneos;
				SWIFT_ACTIVE_COMPILATION_CONDITIONS = DEBUG;
				SWIFT_OPTIMIZATION_LEVEL = "-Onone";
			};
			name = Debug;
		};
		92BC2EF123FB0ACF00AF1AD6 /* Release */ = {
			isa = XCBuildConfiguration;
			buildSettings = {
				ALWAYS_SEARCH_USER_PATHS = NO;
				CLANG_ANALYZER_NONNULL = YES;
				CLANG_ANALYZER_NUMBER_OBJECT_CONVERSION = YES_AGGRESSIVE;
				CLANG_CXX_LANGUAGE_STANDARD = "gnu++14";
				CLANG_CXX_LIBRARY = "libc++";
				CLANG_ENABLE_MODULES = YES;
				CLANG_ENABLE_OBJC_ARC = YES;
				CLANG_ENABLE_OBJC_WEAK = YES;
				CLANG_WARN_BLOCK_CAPTURE_AUTORELEASING = YES;
				CLANG_WARN_BOOL_CONVERSION = YES;
				CLANG_WARN_COMMA = YES;
				CLANG_WARN_CONSTANT_CONVERSION = YES;
				CLANG_WARN_DEPRECATED_OBJC_IMPLEMENTATIONS = YES;
				CLANG_WARN_DIRECT_OBJC_ISA_USAGE = YES_ERROR;
				CLANG_WARN_DOCUMENTATION_COMMENTS = YES;
				CLANG_WARN_EMPTY_BODY = YES;
				CLANG_WARN_ENUM_CONVERSION = YES;
				CLANG_WARN_INFINITE_RECURSION = YES;
				CLANG_WARN_INT_CONVERSION = YES;
				CLANG_WARN_NON_LITERAL_NULL_CONVERSION = YES;
				CLANG_WARN_OBJC_IMPLICIT_RETAIN_SELF = YES;
				CLANG_WARN_OBJC_LITERAL_CONVERSION = YES;
				CLANG_WARN_OBJC_ROOT_CLASS = YES_ERROR;
				CLANG_WARN_RANGE_LOOP_ANALYSIS = YES;
				CLANG_WARN_STRICT_PROTOTYPES = YES;
				CLANG_WARN_SUSPICIOUS_MOVE = YES;
				CLANG_WARN_UNGUARDED_AVAILABILITY = YES_AGGRESSIVE;
				CLANG_WARN_UNREACHABLE_CODE = YES;
				CLANG_WARN__DUPLICATE_METHOD_MATCH = YES;
				COPY_PHASE_STRIP = NO;
				DEBUG_INFORMATION_FORMAT = "dwarf-with-dsym";
				ENABLE_NS_ASSERTIONS = NO;
				ENABLE_STRICT_OBJC_MSGSEND = YES;
				GCC_C_LANGUAGE_STANDARD = gnu11;
				GCC_NO_COMMON_BLOCKS = YES;
				GCC_WARN_64_TO_32_BIT_CONVERSION = YES;
				GCC_WARN_ABOUT_RETURN_TYPE = YES_ERROR;
				GCC_WARN_UNDECLARED_SELECTOR = YES;
				GCC_WARN_UNINITIALIZED_AUTOS = YES_AGGRESSIVE;
				GCC_WARN_UNUSED_FUNCTION = YES;
				GCC_WARN_UNUSED_VARIABLE = YES;
				IPHONEOS_DEPLOYMENT_TARGET = 13.1;
				MTL_ENABLE_DEBUG_INFO = NO;
				MTL_FAST_MATH = YES;
				SDKROOT = iphoneos;
				SWIFT_COMPILATION_MODE = wholemodule;
				SWIFT_OPTIMIZATION_LEVEL = "-O";
				VALIDATE_PRODUCT = YES;
			};
			name = Release;
		};
		92BC2EF323FB0ACF00AF1AD6 /* Debug */ = {
			isa = XCBuildConfiguration;
			baseConfigurationReference = 93F072284F66263A301E68AE /* Pods-DevOpsExample.debug.xcconfig */;
			buildSettings = {
				ASSETCATALOG_COMPILER_APPICON_NAME = AppIcon;
				CODE_SIGN_STYLE = Automatic;
				DEVELOPMENT_TEAM = 5HNM8PG7H4;
				INFOPLIST_FILE = DevOpsExample/Info.plist;
				LD_RUNPATH_SEARCH_PATHS = (
					"$(inherited)",
					"@executable_path/Frameworks",
				);
				PRODUCT_BUNDLE_IDENTIFIER = ParkerMclain.DevOpsExample;
				PRODUCT_NAME = "$(TARGET_NAME)";
				SWIFT_VERSION = 5.0;
				TARGETED_DEVICE_FAMILY = "1,2";
			};
			name = Debug;
		};
		92BC2EF423FB0ACF00AF1AD6 /* Release */ = {
			isa = XCBuildConfiguration;
			baseConfigurationReference = 10E64BE424C2F7CFFEAAA743 /* Pods-DevOpsExample.release.xcconfig */;
			buildSettings = {
				ASSETCATALOG_COMPILER_APPICON_NAME = AppIcon;
				CODE_SIGN_STYLE = Automatic;
				DEVELOPMENT_TEAM = 5HNM8PG7H4;
				INFOPLIST_FILE = DevOpsExample/Info.plist;
				LD_RUNPATH_SEARCH_PATHS = (
					"$(inherited)",
					"@executable_path/Frameworks",
				);
				PRODUCT_BUNDLE_IDENTIFIER = ParkerMclain.DevOpsExample;
				PRODUCT_NAME = "$(TARGET_NAME)";
				SWIFT_VERSION = 5.0;
				TARGETED_DEVICE_FAMILY = "1,2";
			};
			name = Release;
		};
		92BC2EF623FB0ACF00AF1AD6 /* Debug */ = {
			isa = XCBuildConfiguration;
			baseConfigurationReference = 266CDDB0D81C75CEE88D7364 /* Pods-DevOpsExampleTests.debug.xcconfig */;
			buildSettings = {
				ALWAYS_EMBED_SWIFT_STANDARD_LIBRARIES = YES;
				BUNDLE_LOADER = "$(TEST_HOST)";
				CODE_SIGN_STYLE = Automatic;
				DEVELOPMENT_TEAM = 5HNM8PG7H4;
				INFOPLIST_FILE = DevOpsExampleTests/Info.plist;
				IPHONEOS_DEPLOYMENT_TARGET = 13.1;
				LD_RUNPATH_SEARCH_PATHS = (
					"$(inherited)",
					"@executable_path/Frameworks",
					"@loader_path/Frameworks",
				);
				PRODUCT_BUNDLE_IDENTIFIER = ParkerMclain.DevOpsExampleTests;
				PRODUCT_NAME = "$(TARGET_NAME)";
				SWIFT_VERSION = 5.0;
				TARGETED_DEVICE_FAMILY = "1,2";
				TEST_HOST = "$(BUILT_PRODUCTS_DIR)/DevOpsExample.app/DevOpsExample";
			};
			name = Debug;
		};
		92BC2EF723FB0ACF00AF1AD6 /* Release */ = {
			isa = XCBuildConfiguration;
			baseConfigurationReference = 876F6B3399B2D13FA2A91FDF /* Pods-DevOpsExampleTests.release.xcconfig */;
			buildSettings = {
				ALWAYS_EMBED_SWIFT_STANDARD_LIBRARIES = YES;
				BUNDLE_LOADER = "$(TEST_HOST)";
				CODE_SIGN_STYLE = Automatic;
				DEVELOPMENT_TEAM = 5HNM8PG7H4;
				INFOPLIST_FILE = DevOpsExampleTests/Info.plist;
				IPHONEOS_DEPLOYMENT_TARGET = 13.1;
				LD_RUNPATH_SEARCH_PATHS = (
					"$(inherited)",
					"@executable_path/Frameworks",
					"@loader_path/Frameworks",
				);
				PRODUCT_BUNDLE_IDENTIFIER = ParkerMclain.DevOpsExampleTests;
				PRODUCT_NAME = "$(TARGET_NAME)";
				SWIFT_VERSION = 5.0;
				TARGETED_DEVICE_FAMILY = "1,2";
				TEST_HOST = "$(BUILT_PRODUCTS_DIR)/DevOpsExample.app/DevOpsExample";
			};
			name = Release;
		};
		92BC2EF923FB0ACF00AF1AD6 /* Debug */ = {
			isa = XCBuildConfiguration;
			baseConfigurationReference = E35B6F4826F241B2887C29C9 /* Pods-DevOpsExample-DevOpsExampleUITests.debug.xcconfig */;
			buildSettings = {
				ALWAYS_EMBED_SWIFT_STANDARD_LIBRARIES = YES;
				CODE_SIGN_STYLE = Automatic;
				DEVELOPMENT_TEAM = 5HNM8PG7H4;
				INFOPLIST_FILE = DevOpsExampleUITests/Info.plist;
				LD_RUNPATH_SEARCH_PATHS = (
					"$(inherited)",
					"@executable_path/Frameworks",
					"@loader_path/Frameworks",
				);
				PRODUCT_BUNDLE_IDENTIFIER = ParkerMclain.DevOpsExampleUITests;
				PRODUCT_NAME = "$(TARGET_NAME)";
				SWIFT_VERSION = 5.0;
				TARGETED_DEVICE_FAMILY = "1,2";
				TEST_TARGET_NAME = DevOpsExample;
			};
			name = Debug;
		};
		92BC2EFA23FB0ACF00AF1AD6 /* Release */ = {
			isa = XCBuildConfiguration;
			baseConfigurationReference = 79EDB5D603516712B37E8A7D /* Pods-DevOpsExample-DevOpsExampleUITests.release.xcconfig */;
			buildSettings = {
				ALWAYS_EMBED_SWIFT_STANDARD_LIBRARIES = YES;
				CODE_SIGN_STYLE = Automatic;
				DEVELOPMENT_TEAM = 5HNM8PG7H4;
				INFOPLIST_FILE = DevOpsExampleUITests/Info.plist;
				LD_RUNPATH_SEARCH_PATHS = (
					"$(inherited)",
					"@executable_path/Frameworks",
					"@loader_path/Frameworks",
				);
				PRODUCT_BUNDLE_IDENTIFIER = ParkerMclain.DevOpsExampleUITests;
				PRODUCT_NAME = "$(TARGET_NAME)";
				SWIFT_VERSION = 5.0;
				TARGETED_DEVICE_FAMILY = "1,2";
				TEST_TARGET_NAME = DevOpsExample;
			};
			name = Release;
		};
		92BC2F8723FB17EE00AF1AD6 /* Debug */ = {
			isa = XCBuildConfiguration;
			baseConfigurationReference = 139864537C99A28C5522CAEA /* Pods-DevOpsExampleA.debug.xcconfig */;
			buildSettings = {
				ASSETCATALOG_COMPILER_APPICON_NAME = "ExampleA-AppIcon";
				CODE_SIGN_STYLE = Automatic;
				DEVELOPMENT_TEAM = 5HNM8PG7H4;
				INFOPLIST_FILE = ExampleA/Info.plist;
				LD_RUNPATH_SEARCH_PATHS = (
					"$(inherited)",
					"@executable_path/Frameworks",
				);
				PRODUCT_BUNDLE_IDENTIFIER = ParkerMclain.DevOpsExampleA;
				PRODUCT_NAME = "$(TARGET_NAME)";
				SWIFT_VERSION = 5.0;
				TARGETED_DEVICE_FAMILY = "1,2";
			};
			name = Debug;
		};
		92BC2F8823FB17EE00AF1AD6 /* Release */ = {
			isa = XCBuildConfiguration;
			baseConfigurationReference = 09875E3E6C76C1AE7875CF20 /* Pods-DevOpsExampleA.release.xcconfig */;
			buildSettings = {
				ASSETCATALOG_COMPILER_APPICON_NAME = "ExampleA-AppIcon";
				CODE_SIGN_STYLE = Automatic;
				DEVELOPMENT_TEAM = 5HNM8PG7H4;
				INFOPLIST_FILE = ExampleA/Info.plist;
				LD_RUNPATH_SEARCH_PATHS = (
					"$(inherited)",
					"@executable_path/Frameworks",
				);
				PRODUCT_BUNDLE_IDENTIFIER = ParkerMclain.DevOpsExampleA;
				PRODUCT_NAME = "$(TARGET_NAME)";
				SWIFT_VERSION = 5.0;
				TARGETED_DEVICE_FAMILY = "1,2";
			};
			name = Release;
		};
		92BC2FBB23FB262600AF1AD6 /* Debug */ = {
			isa = XCBuildConfiguration;
			baseConfigurationReference = 6D2C2BD6EA2D5C5E50690B0D /* Pods-DevOpsExampleB.debug.xcconfig */;
			buildSettings = {
				ASSETCATALOG_COMPILER_APPICON_NAME = "ExampleB-AppIcon";
				CODE_SIGN_STYLE = Automatic;
				DEVELOPMENT_TEAM = 5HNM8PG7H4;
				INFOPLIST_FILE = ExampleB/Info.plist;
				LD_RUNPATH_SEARCH_PATHS = (
					"$(inherited)",
					"@executable_path/Frameworks",
				);
				PRODUCT_BUNDLE_IDENTIFIER = ParkerMclain.DevOpsExampleB;
				PRODUCT_NAME = "$(TARGET_NAME)";
				SWIFT_VERSION = 5.0;
				TARGETED_DEVICE_FAMILY = "1,2";
			};
			name = Debug;
		};
		92BC2FBC23FB262600AF1AD6 /* Release */ = {
			isa = XCBuildConfiguration;
			baseConfigurationReference = 58172C470B9BF8CB939A88D7 /* Pods-DevOpsExampleB.release.xcconfig */;
			buildSettings = {
				ASSETCATALOG_COMPILER_APPICON_NAME = "ExampleB-AppIcon";
				CODE_SIGN_STYLE = Automatic;
				DEVELOPMENT_TEAM = 5HNM8PG7H4;
				INFOPLIST_FILE = ExampleB/Info.plist;
				LD_RUNPATH_SEARCH_PATHS = (
					"$(inherited)",
					"@executable_path/Frameworks",
				);
				PRODUCT_BUNDLE_IDENTIFIER = ParkerMclain.DevOpsExampleB;
				PRODUCT_NAME = "$(TARGET_NAME)";
				SWIFT_VERSION = 5.0;
				TARGETED_DEVICE_FAMILY = "1,2";
			};
			name = Release;
		};
		92BC2FCA23FB262800AF1AD6 /* Debug */ = {
			isa = XCBuildConfiguration;
			baseConfigurationReference = 88988DBC74928655ACC39A45 /* Pods-DevOpsExampleC.debug.xcconfig */;
			buildSettings = {
				ASSETCATALOG_COMPILER_APPICON_NAME = "ExampleC-AppIcon";
				CODE_SIGN_STYLE = Automatic;
				DEVELOPMENT_TEAM = 5HNM8PG7H4;
				INFOPLIST_FILE = ExampleC/Info.plist;
				LD_RUNPATH_SEARCH_PATHS = (
					"$(inherited)",
					"@executable_path/Frameworks",
				);
				PRODUCT_BUNDLE_IDENTIFIER = ParkerMclain.DevOpsExampleC;
				PRODUCT_NAME = "$(TARGET_NAME)";
				SWIFT_VERSION = 5.0;
				TARGETED_DEVICE_FAMILY = "1,2";
			};
			name = Debug;
		};
		92BC2FCB23FB262800AF1AD6 /* Release */ = {
			isa = XCBuildConfiguration;
			baseConfigurationReference = 836093271CFBA3EFD179629A /* Pods-DevOpsExampleC.release.xcconfig */;
			buildSettings = {
				ASSETCATALOG_COMPILER_APPICON_NAME = "ExampleC-AppIcon";
				CODE_SIGN_STYLE = Automatic;
				DEVELOPMENT_TEAM = 5HNM8PG7H4;
				INFOPLIST_FILE = ExampleC/Info.plist;
				LD_RUNPATH_SEARCH_PATHS = (
					"$(inherited)",
					"@executable_path/Frameworks",
				);
				PRODUCT_BUNDLE_IDENTIFIER = ParkerMclain.DevOpsExampleC;
				PRODUCT_NAME = "$(TARGET_NAME)";
				SWIFT_VERSION = 5.0;
				TARGETED_DEVICE_FAMILY = "1,2";
			};
			name = Release;
		};
/* End XCBuildConfiguration section */

/* Begin XCConfigurationList section */
		92BC2EC323FB0ACD00AF1AD6 /* Build configuration list for PBXProject "DevOpsExample" */ = {
			isa = XCConfigurationList;
			buildConfigurations = (
				92BC2EF023FB0ACF00AF1AD6 /* Debug */,
				92BC2EF123FB0ACF00AF1AD6 /* Release */,
			);
			defaultConfigurationIsVisible = 0;
			defaultConfigurationName = Release;
		};
		92BC2EF223FB0ACF00AF1AD6 /* Build configuration list for PBXNativeTarget "DevOpsExample" */ = {
			isa = XCConfigurationList;
			buildConfigurations = (
				92BC2EF323FB0ACF00AF1AD6 /* Debug */,
				92BC2EF423FB0ACF00AF1AD6 /* Release */,
			);
			defaultConfigurationIsVisible = 0;
			defaultConfigurationName = Release;
		};
		92BC2EF523FB0ACF00AF1AD6 /* Build configuration list for PBXNativeTarget "DevOpsExampleTests" */ = {
			isa = XCConfigurationList;
			buildConfigurations = (
				92BC2EF623FB0ACF00AF1AD6 /* Debug */,
				92BC2EF723FB0ACF00AF1AD6 /* Release */,
			);
			defaultConfigurationIsVisible = 0;
			defaultConfigurationName = Release;
		};
		92BC2EF823FB0ACF00AF1AD6 /* Build configuration list for PBXNativeTarget "DevOpsExampleUITests" */ = {
			isa = XCConfigurationList;
			buildConfigurations = (
				92BC2EF923FB0ACF00AF1AD6 /* Debug */,
				92BC2EFA23FB0ACF00AF1AD6 /* Release */,
			);
			defaultConfigurationIsVisible = 0;
			defaultConfigurationName = Release;
		};
		92BC2F8623FB17EE00AF1AD6 /* Build configuration list for PBXNativeTarget "DevOpsExampleA" */ = {
			isa = XCConfigurationList;
			buildConfigurations = (
				92BC2F8723FB17EE00AF1AD6 /* Debug */,
				92BC2F8823FB17EE00AF1AD6 /* Release */,
			);
			defaultConfigurationIsVisible = 0;
			defaultConfigurationName = Release;
		};
		92BC2FBA23FB262600AF1AD6 /* Build configuration list for PBXNativeTarget "DevOpsExampleB" */ = {
			isa = XCConfigurationList;
			buildConfigurations = (
				92BC2FBB23FB262600AF1AD6 /* Debug */,
				92BC2FBC23FB262600AF1AD6 /* Release */,
			);
			defaultConfigurationIsVisible = 0;
			defaultConfigurationName = Release;
		};
		92BC2FC923FB262800AF1AD6 /* Build configuration list for PBXNativeTarget "DevOpsExampleC" */ = {
			isa = XCConfigurationList;
			buildConfigurations = (
				92BC2FCA23FB262800AF1AD6 /* Debug */,
				92BC2FCB23FB262800AF1AD6 /* Release */,
			);
			defaultConfigurationIsVisible = 0;
			defaultConfigurationName = Release;
		};
/* End XCConfigurationList section */
	};
	rootObject = 92BC2EC023FB0ACD00AF1AD6 /* Project object */;
}
